// !$*UTF8*$!
{
	archiveVersion = 1;
	classes = {
	};
	objectVersion = 46;
	objects = {

/* Begin PBXBuildFile section */
		17A204701CBDEA38006ADAF0 /* AppDelegate.swift in Sources */ = {isa = PBXBuildFile; fileRef = 17A2046F1CBDEA38006ADAF0 /* AppDelegate.swift */; };
		17A204771CBDEA38006ADAF0 /* Assets.xcassets in Resources */ = {isa = PBXBuildFile; fileRef = 17A204761CBDEA38006ADAF0 /* Assets.xcassets */; };
		17A2047A1CBDEA38006ADAF0 /* LaunchScreen.storyboard in Resources */ = {isa = PBXBuildFile; fileRef = 17A204781CBDEA38006ADAF0 /* LaunchScreen.storyboard */; };
		17A204831CBDEAB4006ADAF0 /* RootViewController.swift in Sources */ = {isa = PBXBuildFile; fileRef = 17A204811CBDEAB4006ADAF0 /* RootViewController.swift */; };
		17A204841CBDEAB4006ADAF0 /* RootViewController.xib in Resources */ = {isa = PBXBuildFile; fileRef = 17A204821CBDEAB4006ADAF0 /* RootViewController.xib */; };
/* End PBXBuildFile section */

/* Begin PBXFileReference section */
		17A2046C1CBDEA38006ADAF0 /* MySong.app */ = {isa = PBXFileReference; explicitFileType = wrapper.application; includeInIndex = 0; path = MySong.app; sourceTree = BUILT_PRODUCTS_DIR; };
		17A2046F1CBDEA38006ADAF0 /* AppDelegate.swift */ = {isa = PBXFileReference; lastKnownFileType = sourcecode.swift; path = AppDelegate.swift; sourceTree = "<group>"; };
		17A204761CBDEA38006ADAF0 /* Assets.xcassets */ = {isa = PBXFileReference; lastKnownFileType = folder.assetcatalog; path = Assets.xcassets; sourceTree = "<group>"; };
		17A204791CBDEA38006ADAF0 /* Base */ = {isa = PBXFileReference; lastKnownFileType = file.storyboard; name = Base; path = Base.lproj/LaunchScreen.storyboard; sourceTree = "<group>"; };
		17A2047B1CBDEA38006ADAF0 /* Info.plist */ = {isa = PBXFileReference; lastKnownFileType = text.plist.xml; path = Info.plist; sourceTree = "<group>"; };
		17A204811CBDEAB4006ADAF0 /* RootViewController.swift */ = {isa = PBXFileReference; fileEncoding = 4; lastKnownFileType = sourcecode.swift; path = RootViewController.swift; sourceTree = "<group>"; };
		17A204821CBDEAB4006ADAF0 /* RootViewController.xib */ = {isa = PBXFileReference; fileEncoding = 4; lastKnownFileType = file.xib; path = RootViewController.xib; sourceTree = "<group>"; };
/* End PBXFileReference section */

/* Begin PBXFrameworksBuildPhase section */
		17A204691CBDEA38006ADAF0 /* Frameworks */ = {
			isa = PBXFrameworksBuildPhase;
			buildActionMask = 2147483647;
			files = (
			);
			runOnlyForDeploymentPostprocessing = 0;
		};
/* End PBXFrameworksBuildPhase section */

/* Begin PBXGroup section */
		17A204631CBDEA38006ADAF0 = {
			isa = PBXGroup;
			children = (
				17A2046E1CBDEA38006ADAF0 /* MySong */,
				17A2046D1CBDEA38006ADAF0 /* Products */,
			);
			sourceTree = "<group>";
		};
		17A2046D1CBDEA38006ADAF0 /* Products */ = {
			isa = PBXGroup;
			children = (
				17A2046C1CBDEA38006ADAF0 /* MySong.app */,
			);
			name = Products;
			sourceTree = "<group>";
		};
		17A2046E1CBDEA38006ADAF0 /* MySong */ = {
			isa = PBXGroup;
			children = (
				17A2046F1CBDEA38006ADAF0 /* AppDelegate.swift */,
				17A204811CBDEAB4006ADAF0 /* RootViewController.swift */,
				17A204821CBDEAB4006ADAF0 /* RootViewController.xib */,
				17A204761CBDEA38006ADAF0 /* Assets.xcassets */,
				17A204781CBDEA38006ADAF0 /* LaunchScreen.storyboard */,
				17A2047B1CBDEA38006ADAF0 /* Info.plist */,
			);
			path = MySong;
			sourceTree = "<group>";
		};
/* End PBXGroup section */

/* Begin PBXNativeTarget section */
		17A2046B1CBDEA38006ADAF0 /* MySong */ = {
			isa = PBXNativeTarget;
			buildConfigurationList = 17A2047E1CBDEA38006ADAF0 /* Build configuration list for PBXNativeTarget "MySong" */;
			buildPhases = (
				17A204681CBDEA38006ADAF0 /* Sources */,
				17A204691CBDEA38006ADAF0 /* Frameworks */,
				17A2046A1CBDEA38006ADAF0 /* Resources */,
			);
			buildRules = (
			);
			dependencies = (
			);
			name = MySong;
			productName = MySong;
			productReference = 17A2046C1CBDEA38006ADAF0 /* MySong.app */;
			productType = "com.apple.product-type.application";
		};
/* End PBXNativeTarget section */

/* Begin PBXProject section */
		17A204641CBDEA38006ADAF0 /* Project object */ = {
			isa = PBXProject;
			attributes = {
				LastSwiftUpdateCheck = 0720;
				LastUpgradeCheck = 0720;
				ORGANIZATIONNAME = "Vu Hoang";
				TargetAttributes = {
					17A2046B1CBDEA38006ADAF0 = {
						CreatedOnToolsVersion = 7.2.1;
						DevelopmentTeam = Z3W9B9SJ6S;
					};
				};
			};
			buildConfigurationList = 17A204671CBDEA38006ADAF0 /* Build configuration list for PBXProject "MySong" */;
			compatibilityVersion = "Xcode 3.2";
			developmentRegion = English;
			hasScannedForEncodings = 0;
			knownRegions = (
				en,
				Base,
			);
			mainGroup = 17A204631CBDEA38006ADAF0;
			productRefGroup = 17A2046D1CBDEA38006ADAF0 /* Products */;
			projectDirPath = "";
			projectRoot = "";
			targets = (
				17A2046B1CBDEA38006ADAF0 /* MySong */,
			);
		};
/* End PBXProject section */

/* Begin PBXResourcesBuildPhase section */
		17A2046A1CBDEA38006ADAF0 /* Resources */ = {
			isa = PBXResourcesBuildPhase;
			buildActionMask = 2147483647;
			files = (
				17A2047A1CBDEA38006ADAF0 /* LaunchScreen.storyboard in Resources */,
				17A204771CBDEA38006ADAF0 /* Assets.xcassets in Resources */,
				17A204841CBDEAB4006ADAF0 /* RootViewController.xib in Resources */,
			);
			runOnlyForDeploymentPostprocessing = 0;
		};
/* End PBXResourcesBuildPhase section */

/* Begin PBXSourcesBuildPhase section */
		17A204681CBDEA38006ADAF0 /* Sources */ = {
			isa = PBXSourcesBuildPhase;
			buildActionMask = 2147483647;
			files = (
				17A204831CBDEAB4006ADAF0 /* RootViewController.swift in Sources */,
				17A204701CBDEA38006ADAF0 /* AppDelegate.swift in Sources */,
			);
			runOnlyForDeploymentPostprocessing = 0;
		};
/* End PBXSourcesBuildPhase section */

/* Begin PBXVariantGroup section */
		17A204781CBDEA38006ADAF0 /* LaunchScreen.storyboard */ = {
			isa = PBXVariantGroup;
			children = (
				17A204791CBDEA38006ADAF0 /* Base */,
			);
			name = LaunchScreen.storyboard;
			sourceTree = "<group>";
		};
/* End PBXVariantGroup section */

/* Begin XCBuildConfiguration section */
		17A2047C1CBDEA38006ADAF0 /* Debug */ = {
			isa = XCBuildConfiguration;
			buildSettings = {
				ALWAYS_SEARCH_USER_PATHS = NO;
				CLANG_CXX_LANGUAGE_STANDARD = "gnu++0x";
				CLANG_CXX_LIBRARY = "libc++";
				CLANG_ENABLE_MODULES = YES;
				CLANG_ENABLE_OBJC_ARC = YES;
				CLANG_WARN_BOOL_CONVERSION = YES;
				CLANG_WARN_CONSTANT_CONVERSION = YES;
				CLANG_WARN_DIRECT_OBJC_ISA_USAGE = YES_ERROR;
				CLANG_WARN_EMPTY_BODY = YES;
				CLANG_WARN_ENUM_CONVERSION = YES;
				CLANG_WARN_INT_CONVERSION = YES;
				CLANG_WARN_OBJC_ROOT_CLASS = YES_ERROR;
				CLANG_WARN_UNREACHABLE_CODE = YES;
				CLANG_WARN__DUPLICATE_METHOD_MATCH = YES;
				"CODE_SIGN_IDENTITY[sdk=iphoneos*]" = "iPhone Developer";
				COPY_PHASE_STRIP = NO;
				DEBUG_INFORMATION_FORMAT = dwarf;
				ENABLE_STRICT_OBJC_MSGSEND = YES;
				ENABLE_TESTABILITY = YES;
				GCC_C_LANGUAGE_STANDARD = gnu99;
				GCC_DYNAMIC_NO_PIC = NO;
				GCC_NO_COMMON_BLOCKS = YES;
				GCC_OPTIMIZATION_LEVEL = 0;
				GCC_PREPROCESSOR_DEFINITIONS = (
					"DEBUG=1",
					"$(inherited)",
				);
				GCC_WARN_64_TO_32_BIT_CONVERSION = YES;
				GCC_WARN_ABOUT_RETURN_TYPE = YES_ERROR;
				GCC_WARN_UNDECLARED_SELECTOR = YES;
				GCC_WARN_UNINITIALIZED_AUTOS = YES_AGGRESSIVE;
				GCC_WARN_UNUSED_FUNCTION = YES;
				GCC_WARN_UNUSED_VARIABLE = YES;
				IPHONEOS_DEPLOYMENT_TARGET = 9.2;
				MTL_ENABLE_DEBUG_INFO = YES;
				ONLY_ACTIVE_ARCH = YES;
				SDKROOT = iphoneos;
				SWIFT_OPTIMIZATION_LEVEL = "-Onone";
				TARGETED_DEVICE_FAMILY = "1,2";
			};
			name = Debug;
		};
		17A2047D1CBDEA38006ADAF0 /* Release */ = {
			isa = XCBuildConfiguration;
			buildSettings = {
				ALWAYS_SEARCH_USER_PATHS = NO;
				CLANG_CXX_LANGUAGE_STANDARD = "gnu++0x";
				CLANG_CXX_LIBRARY = "libc++";
				CLANG_ENABLE_MODULES = YES;
				CLANG_ENABLE_OBJC_ARC = YES;
				CLANG_WARN_BOOL_CONVERSION = YES;
				CLANG_WARN_CONSTANT_CONVERSION = YES;
				CLANG_WARN_DIRECT_OBJC_ISA_USAGE = YES_ERROR;
				CLANG_WARN_EMPTY_BODY = YES;
				CLANG_WARN_ENUM_CONVERSION = YES;
				CLANG_WARN_INT_CONVERSION = YES;
				CLANG_WARN_OBJC_ROOT_CLASS = YES_ERROR;
				CLANG_WARN_UNREACHABLE_CODE = YES;
				CLANG_WARN__DUPLICATE_METHOD_MATCH = YES;
				"CODE_SIGN_IDENTITY[sdk=iphoneos*]" = "iPhone Developer";
				COPY_PHASE_STRIP = NO;
				DEBUG_INFORMATION_FORMAT = "dwarf-with-dsym";
				ENABLE_NS_ASSERTIONS = NO;
				ENABLE_STRICT_OBJC_MSGSEND = YES;
				GCC_C_LANGUAGE_STANDARD = gnu99;
				GCC_NO_COMMON_BLOCKS = YES;
				GCC_WARN_64_TO_32_BIT_CONVERSION = YES;
				GCC_WARN_ABOUT_RETURN_TYPE = YES_ERROR;
				GCC_WARN_UNDECLARED_SELECTOR = YES;
				GCC_WARN_UNINITIALIZED_AUTOS = YES_AGGRESSIVE;
				GCC_WARN_UNUSED_FUNCTION = YES;
				GCC_WARN_UNUSED_VARIABLE = YES;
				IPHONEOS_DEPLOYMENT_TARGET = 9.2;
				MTL_ENABLE_DEBUG_INFO = NO;
				SDKROOT = iphoneos;
				TARGETED_DEVICE_FAMILY = "1,2";
				VALIDATE_PRODUCT = YES;
			};
			name = Release;
		};
		17A2047F1CBDEA38006ADAF0 /* Debug */ = {
			isa = XCBuildConfiguration;
			buildSettings = {
				ASSETCATALOG_COMPILER_APPICON_NAME = AppIcon;
				INFOPLIST_FILE = MySong/Info.plist;
				LD_RUNPATH_SEARCH_PATHS = "$(inherited) @executable_path/Frameworks";
				PRODUCT_BUNDLE_IDENTIFIER = homework.MySong;
				PRODUCT_NAME = "$(TARGET_NAME)";
			};
			name = Debug;
		};
		17A204801CBDEA38006ADAF0 /* Release */ = {
			isa = XCBuildConfiguration;
			buildSettings = {
				ASSETCATALOG_COMPILER_APPICON_NAME = AppIcon;
				INFOPLIST_FILE = MySong/Info.plist;
				LD_RUNPATH_SEARCH_PATHS = "$(inherited) @executable_path/Frameworks";
				PRODUCT_BUNDLE_IDENTIFIER = homework.MySong;
				PRODUCT_NAME = "$(TARGET_NAME)";
			};
			name = Release;
		};
/* End XCBuildConfiguration section */

/* Begin XCConfigurationList section */
		17A204671CBDEA38006ADAF0 /* Build configuration list for PBXProject "MySong" */ = {
			isa = XCConfigurationList;
			buildConfigurations = (
				17A2047C1CBDEA38006ADAF0 /* Debug */,
				17A2047D1CBDEA38006ADAF0 /* Release */,
			);
			defaultConfigurationIsVisible = 0;
			defaultConfigurationName = Release;
		};
		17A2047E1CBDEA38006ADAF0 /* Build configuration list for PBXNativeTarget "MySong" */ = {
			isa = XCConfigurationList;
			buildConfigurations = (
				17A2047F1CBDEA38006ADAF0 /* Debug */,
				17A204801CBDEA38006ADAF0 /* Release */,
			);
			defaultConfigurationIsVisible = 0;
		};
/* End XCConfigurationList section */
	};
	rootObject = 17A204641CBDEA38006ADAF0 /* Project object */;
}
